
Microsoft Visual Studio Solution File, Format Version 12.00
# Visual Studio 15
VisualStudioVersion = 15.0.26228.12
MinimumVisualStudioVersion = 10.0.40219.1
Project("{2150E333-8FDC-42A3-9474-1A3956D46DE8}") = "src", "src", "{D2DD7D43-2E21-4C1B-BE83-2CC26B781231}"
EndProject
Project("{2150E333-8FDC-42A3-9474-1A3956D46DE8}") = "test", "test", "{6105411E-D967-4AAE-A0DF-A2FE7683838D}"
EndProject
Project("{FAE04EC0-301F-11D3-BF4B-00C04F79EFBC}") = "Synnduit.ConsoleLogger", "src\Synnduit.ConsoleLogger\Synnduit.ConsoleLogger.csproj", "{067A7184-6113-4CAD-90F4-764FE7B1983E}"
EndProject
Project("{FAE04EC0-301F-11D3-BF4B-00C04F79EFBC}") = "Synnduit.Core", "src\Synnduit.Core\Synnduit.Core.csproj", "{E7126341-835D-43B9-9C26-28346E842D4C}"
EndProject
Project("{FAE04EC0-301F-11D3-BF4B-00C04F79EFBC}") = "Synnduit.TestHelper", "test\Synnduit.TestHelper\Synnduit.TestHelper.csproj", "{9EE91529-E68F-4BF7-8CC5-94A1706F6319}"
EndProject
Project("{FAE04EC0-301F-11D3-BF4B-00C04F79EFBC}") = "Synnduit.Core.Test", "test\Synnduit.Core.Test\Synnduit.Core.Test.csproj", "{5C45C4D8-76FD-49CA-B6A0-D605114203F8}"
EndProject
Global
	GlobalSection(SolutionConfigurationPlatforms) = preSolution
		Debug|Any CPU = Debug|Any CPU
		Debug|x64 = Debug|x64
		Debug|x86 = Debug|x86
		Release|Any CPU = Release|Any CPU
		Release|x64 = Release|x64
		Release|x86 = Release|x86
	EndGlobalSection
	GlobalSection(ProjectConfigurationPlatforms) = postSolution
		{067A7184-6113-4CAD-90F4-764FE7B1983E}.Debug|Any CPU.ActiveCfg = Debug|Any CPU
		{067A7184-6113-4CAD-90F4-764FE7B1983E}.Debug|Any CPU.Build.0 = Debug|Any CPU
		{067A7184-6113-4CAD-90F4-764FE7B1983E}.Debug|x64.ActiveCfg = Debug|x64
		{067A7184-6113-4CAD-90F4-764FE7B1983E}.Debug|x64.Build.0 = Debug|x64
		{067A7184-6113-4CAD-90F4-764FE7B1983E}.Debug|x86.ActiveCfg = Debug|x86
		{067A7184-6113-4CAD-90F4-764FE7B1983E}.Debug|x86.Build.0 = Debug|x86
		{067A7184-6113-4CAD-90F4-764FE7B1983E}.Release|Any CPU.ActiveCfg = Release|Any CPU
		{067A7184-6113-4CAD-90F4-764FE7B1983E}.Release|Any CPU.Build.0 = Release|Any CPU
		{067A7184-6113-4CAD-90F4-764FE7B1983E}.Release|x64.ActiveCfg = Release|x64
		{067A7184-6113-4CAD-90F4-764FE7B1983E}.Release|x64.Build.0 = Release|x64
		{067A7184-6113-4CAD-90F4-764FE7B1983E}.Release|x86.ActiveCfg = Release|x86
		{067A7184-6113-4CAD-90F4-764FE7B1983E}.Release|x86.Build.0 = Release|x86
		{E7126341-835D-43B9-9C26-28346E842D4C}.Debug|Any CPU.ActiveCfg = Debug|Any CPU
		{E7126341-835D-43B9-9C26-28346E842D4C}.Debug|Any CPU.Build.0 = Debug|Any CPU
		{E7126341-835D-43B9-9C26-28346E842D4C}.Debug|x64.ActiveCfg = Debug|x64
		{E7126341-835D-43B9-9C26-28346E842D4C}.Debug|x64.Build.0 = Debug|x64
		{E7126341-835D-43B9-9C26-28346E842D4C}.Debug|x86.ActiveCfg = Debug|x86
		{E7126341-835D-43B9-9C26-28346E842D4C}.Debug|x86.Build.0 = Debug|x86
		{E7126341-835D-43B9-9C26-28346E842D4C}.Release|Any CPU.ActiveCfg = Release|Any CPU
		{E7126341-835D-43B9-9C26-28346E842D4C}.Release|Any CPU.Build.0 = Release|Any CPU
		{E7126341-835D-43B9-9C26-28346E842D4C}.Release|x64.ActiveCfg = Release|x64
		{E7126341-835D-43B9-9C26-28346E842D4C}.Release|x64.Build.0 = Release|x64
		{E7126341-835D-43B9-9C26-28346E842D4C}.Release|x86.ActiveCfg = Release|x86
		{E7126341-835D-43B9-9C26-28346E842D4C}.Release|x86.Build.0 = Release|x86
		{9EE91529-E68F-4BF7-8CC5-94A1706F6319}.Debug|Any CPU.ActiveCfg = Debug|Any CPU
		{9EE91529-E68F-4BF7-8CC5-94A1706F6319}.Debug|Any CPU.Build.0 = Debug|Any CPU
		{9EE91529-E68F-4BF7-8CC5-94A1706F6319}.Debug|x64.ActiveCfg = Debug|x64
		{9EE91529-E68F-4BF7-8CC5-94A1706F6319}.Debug|x64.Build.0 = Debug|x64
		{9EE91529-E68F-4BF7-8CC5-94A1706F6319}.Debug|x86.ActiveCfg = Debug|x86
		{9EE91529-E68F-4BF7-8CC5-94A1706F6319}.Debug|x86.Build.0 = Debug|x86
		{9EE91529-E68F-4BF7-8CC5-94A1706F6319}.Release|Any CPU.ActiveCfg = Release|Any CPU
		{9EE91529-E68F-4BF7-8CC5-94A1706F6319}.Release|Any CPU.Build.0 = Release|Any CPU
		{9EE91529-E68F-4BF7-8CC5-94A1706F6319}.Release|x64.ActiveCfg = Release|x64
		{9EE91529-E68F-4BF7-8CC5-94A1706F6319}.Release|x64.Build.0 = Release|x64
		{9EE91529-E68F-4BF7-8CC5-94A1706F6319}.Release|x86.ActiveCfg = Release|x86
		{9EE91529-E68F-4BF7-8CC5-94A1706F6319}.Release|x86.Build.0 = Release|x86
		{5C45C4D8-76FD-49CA-B6A0-D605114203F8}.Debug|Any CPU.ActiveCfg = Debug|Any CPU
		{5C45C4D8-76FD-49CA-B6A0-D605114203F8}.Debug|Any CPU.Build.0 = Debug|Any CPU
		{5C45C4D8-76FD-49CA-B6A0-D605114203F8}.Debug|x64.ActiveCfg = Debug|x64
		{5C45C4D8-76FD-49CA-B6A0-D605114203F8}.Debug|x64.Build.0 = Debug|x64
		{5C45C4D8-76FD-49CA-B6A0-D605114203F8}.Debug|x86.ActiveCfg = Debug|x86
		{5C45C4D8-76FD-49CA-B6A0-D605114203F8}.Debug|x86.Build.0 = Debug|x86
		{5C45C4D8-76FD-49CA-B6A0-D605114203F8}.Release|Any CPU.ActiveCfg = Release|Any CPU
		{5C45C4D8-76FD-49CA-B6A0-D605114203F8}.Release|Any CPU.Build.0 = Release|Any CPU
		{5C45C4D8-76FD-49CA-B6A0-D605114203F8}.Release|x64.ActiveCfg = Release|x64
		{5C45C4D8-76FD-49CA-B6A0-D605114203F8}.Release|x64.Build.0 = Release|x64
		{5C45C4D8-76FD-49CA-B6A0-D605114203F8}.Release|x86.ActiveCfg = Release|x86
		{5C45C4D8-76FD-49CA-B6A0-D605114203F8}.Release|x86.Build.0 = Release|x86
	EndGlobalSection
	GlobalSection(SolutionProperties) = preSolution
		HideSolutionNode = FALSE
	EndGlobalSection
	GlobalSection(NestedProjects) = preSolution
		{067A7184-6113-4CAD-90F4-764FE7B1983E} = {D2DD7D43-2E21-4C1B-BE83-2CC26B781231}
		{E7126341-835D-43B9-9C26-28346E842D4C} = {D2DD7D43-2E21-4C1B-BE83-2CC26B781231}
		{9EE91529-E68F-4BF7-8CC5-94A1706F6319} = {6105411E-D967-4AAE-A0DF-A2FE7683838D}
		{5C45C4D8-76FD-49CA-B6A0-D605114203F8} = {6105411E-D967-4AAE-A0DF-A2FE7683838D}
	EndGlobalSection
EndGlobal
