
Microsoft Visual Studio Solution File, Format Version 12.00
# Visual Studio Version 17
VisualStudioVersion = 17.1.32210.238
MinimumVisualStudioVersion = 10.0.40219.1
Project("{2150E333-8FDC-42A3-9474-1A3956D46DE8}") = "src", "src", "{8A5008EC-1383-489F-9ACD-248EFEB0782A}"
EndProject
Project("{9A19103F-16F7-4668-BE54-9A1E7A4F7556}") = "Synnduit", "src\Synnduit\Synnduit.csproj", "{3A989F34-E73B-4AE4-8808-F9F26A926B93}"
EndProject
Global
	GlobalSection(SolutionConfigurationPlatforms) = preSolution
		Debug|Any CPU = Debug|Any CPU
		Release|Any CPU = Release|Any CPU
	EndGlobalSection
	GlobalSection(ProjectConfigurationPlatforms) = postSolution
		{3A989F34-E73B-4AE4-8808-F9F26A926B93}.Debug|Any CPU.ActiveCfg = Debug|Any CPU
		{3A989F34-E73B-4AE4-8808-F9F26A926B93}.Debug|Any CPU.Build.0 = Debug|Any CPU
		{3A989F34-E73B-4AE4-8808-F9F26A926B93}.Release|Any CPU.ActiveCfg = Release|Any CPU
		{3A989F34-E73B-4AE4-8808-F9F26A926B93}.Release|Any CPU.Build.0 = Release|Any CPU
	EndGlobalSection
	GlobalSection(SolutionProperties) = preSolution
		HideSolutionNode = FALSE
	EndGlobalSection
	GlobalSection(NestedProjects) = preSolution
		{3A989F34-E73B-4AE4-8808-F9F26A926B93} = {8A5008EC-1383-489F-9ACD-248EFEB0782A}
	EndGlobalSection
	GlobalSection(ExtensibilityGlobals) = postSolution
		SolutionGuid = {8D2581BD-DB5C-453D-9D73-42883F7B93E6}
	EndGlobalSection
EndGlobal
