
Microsoft Visual Studio Solution File, Format Version 12.00
# Visual Studio 15
VisualStudioVersion = 15.0.26228.12
MinimumVisualStudioVersion = 10.0.40219.1
Project("{2150E333-8FDC-42A3-9474-1A3956D46DE8}") = "src", "src", "{5FB6FF99-D88E-4DF1-81F2-D2E91BDF543A}"
EndProject
Project("{2150E333-8FDC-42A3-9474-1A3956D46DE8}") = "test", "test", "{C7015DBB-7546-4663-AD21-2D5006AEB841}"
EndProject
Project("{FAE04EC0-301F-11D3-BF4B-00C04F79EFBC}") = "Synnduit.Core", "src\Synnduit.Core\Synnduit.Core.csproj", "{E7126341-835D-43B9-9C26-28346E842D4C}"
EndProject
Project("{FAE04EC0-301F-11D3-BF4B-00C04F79EFBC}") = "Synnduit", "src\Synnduit\Synnduit.csproj", "{F8B68BE3-7790-4CA3-88E3-D621967441F7}"
EndProject
Project("{FAE04EC0-301F-11D3-BF4B-00C04F79EFBC}") = "Synnduit.Persistence", "src\Synnduit.Persistence\Synnduit.Persistence.csproj", "{2A63DA61-396F-4874-8550-F9D59B723629}"
EndProject
Project("{FAE04EC0-301F-11D3-BF4B-00C04F79EFBC}") = "Synnduit.Test", "test\Synnduit.Test\Synnduit.Test.csproj", "{787ADB5C-EF13-40E7-A4A3-5861BA59F9C1}"
EndProject
Project("{FAE04EC0-301F-11D3-BF4B-00C04F79EFBC}") = "Synnduit.Core.Test", "test\Synnduit.Core.Test\Synnduit.Core.Test.csproj", "{5C45C4D8-76FD-49CA-B6A0-D605114203F8}"
EndProject
Project("{FAE04EC0-301F-11D3-BF4B-00C04F79EFBC}") = "Synnduit.TestHelper", "test\Synnduit.TestHelper\Synnduit.TestHelper.csproj", "{9EE91529-E68F-4BF7-8CC5-94A1706F6319}"
EndProject
Project("{FAE04EC0-301F-11D3-BF4B-00C04F79EFBC}") = "Synnduit.Console", "src\Synnduit.Console\Synnduit.Console.csproj", "{AE315225-D40C-407B-9CAE-0CA5E8008A47}"
EndProject
Global
	GlobalSection(SolutionConfigurationPlatforms) = preSolution
		Debug|Any CPU = Debug|Any CPU
		Debug|x64 = Debug|x64
		Release|Any CPU = Release|Any CPU
		Release|x64 = Release|x64
	EndGlobalSection
	GlobalSection(ProjectConfigurationPlatforms) = postSolution
		{E7126341-835D-43B9-9C26-28346E842D4C}.Debug|Any CPU.ActiveCfg = Debug|Any CPU
		{E7126341-835D-43B9-9C26-28346E842D4C}.Debug|Any CPU.Build.0 = Debug|Any CPU
		{E7126341-835D-43B9-9C26-28346E842D4C}.Debug|x64.ActiveCfg = Debug|x64
		{E7126341-835D-43B9-9C26-28346E842D4C}.Debug|x64.Build.0 = Debug|x64
		{E7126341-835D-43B9-9C26-28346E842D4C}.Release|Any CPU.ActiveCfg = Release|Any CPU
		{E7126341-835D-43B9-9C26-28346E842D4C}.Release|Any CPU.Build.0 = Release|Any CPU
		{E7126341-835D-43B9-9C26-28346E842D4C}.Release|x64.ActiveCfg = Release|x64
		{E7126341-835D-43B9-9C26-28346E842D4C}.Release|x64.Build.0 = Release|x64
		{F8B68BE3-7790-4CA3-88E3-D621967441F7}.Debug|Any CPU.ActiveCfg = Debug|Any CPU
		{F8B68BE3-7790-4CA3-88E3-D621967441F7}.Debug|Any CPU.Build.0 = Debug|Any CPU
		{F8B68BE3-7790-4CA3-88E3-D621967441F7}.Debug|x64.ActiveCfg = Debug|x64
		{F8B68BE3-7790-4CA3-88E3-D621967441F7}.Debug|x64.Build.0 = Debug|x64
		{F8B68BE3-7790-4CA3-88E3-D621967441F7}.Release|Any CPU.ActiveCfg = Release|Any CPU
		{F8B68BE3-7790-4CA3-88E3-D621967441F7}.Release|Any CPU.Build.0 = Release|Any CPU
		{F8B68BE3-7790-4CA3-88E3-D621967441F7}.Release|x64.ActiveCfg = Release|x64
		{F8B68BE3-7790-4CA3-88E3-D621967441F7}.Release|x64.Build.0 = Release|x64
		{2A63DA61-396F-4874-8550-F9D59B723629}.Debug|Any CPU.ActiveCfg = Debug|Any CPU
		{2A63DA61-396F-4874-8550-F9D59B723629}.Debug|Any CPU.Build.0 = Debug|Any CPU
		{2A63DA61-396F-4874-8550-F9D59B723629}.Debug|x64.ActiveCfg = Debug|x64
		{2A63DA61-396F-4874-8550-F9D59B723629}.Debug|x64.Build.0 = Debug|x64
		{2A63DA61-396F-4874-8550-F9D59B723629}.Release|Any CPU.ActiveCfg = Release|Any CPU
		{2A63DA61-396F-4874-8550-F9D59B723629}.Release|Any CPU.Build.0 = Release|Any CPU
		{2A63DA61-396F-4874-8550-F9D59B723629}.Release|x64.ActiveCfg = Release|x64
		{2A63DA61-396F-4874-8550-F9D59B723629}.Release|x64.Build.0 = Release|x64
		{787ADB5C-EF13-40E7-A4A3-5861BA59F9C1}.Debug|Any CPU.ActiveCfg = Debug|Any CPU
		{787ADB5C-EF13-40E7-A4A3-5861BA59F9C1}.Debug|Any CPU.Build.0 = Debug|Any CPU
		{787ADB5C-EF13-40E7-A4A3-5861BA59F9C1}.Debug|x64.ActiveCfg = Debug|x64
		{787ADB5C-EF13-40E7-A4A3-5861BA59F9C1}.Debug|x64.Build.0 = Debug|x64
		{787ADB5C-EF13-40E7-A4A3-5861BA59F9C1}.Release|Any CPU.ActiveCfg = Release|Any CPU
		{787ADB5C-EF13-40E7-A4A3-5861BA59F9C1}.Release|Any CPU.Build.0 = Release|Any CPU
		{787ADB5C-EF13-40E7-A4A3-5861BA59F9C1}.Release|x64.ActiveCfg = Release|x64
		{787ADB5C-EF13-40E7-A4A3-5861BA59F9C1}.Release|x64.Build.0 = Release|x64
		{5C45C4D8-76FD-49CA-B6A0-D605114203F8}.Debug|Any CPU.ActiveCfg = Debug|Any CPU
		{5C45C4D8-76FD-49CA-B6A0-D605114203F8}.Debug|Any CPU.Build.0 = Debug|Any CPU
		{5C45C4D8-76FD-49CA-B6A0-D605114203F8}.Debug|x64.ActiveCfg = Debug|x64
		{5C45C4D8-76FD-49CA-B6A0-D605114203F8}.Debug|x64.Build.0 = Debug|x64
		{5C45C4D8-76FD-49CA-B6A0-D605114203F8}.Release|Any CPU.ActiveCfg = Release|Any CPU
		{5C45C4D8-76FD-49CA-B6A0-D605114203F8}.Release|Any CPU.Build.0 = Release|Any CPU
		{5C45C4D8-76FD-49CA-B6A0-D605114203F8}.Release|x64.ActiveCfg = Release|x64
		{5C45C4D8-76FD-49CA-B6A0-D605114203F8}.Release|x64.Build.0 = Release|x64
		{9EE91529-E68F-4BF7-8CC5-94A1706F6319}.Debug|Any CPU.ActiveCfg = Debug|Any CPU
		{9EE91529-E68F-4BF7-8CC5-94A1706F6319}.Debug|Any CPU.Build.0 = Debug|Any CPU
		{9EE91529-E68F-4BF7-8CC5-94A1706F6319}.Debug|x64.ActiveCfg = Debug|x64
		{9EE91529-E68F-4BF7-8CC5-94A1706F6319}.Debug|x64.Build.0 = Debug|x64
		{9EE91529-E68F-4BF7-8CC5-94A1706F6319}.Release|Any CPU.ActiveCfg = Release|Any CPU
		{9EE91529-E68F-4BF7-8CC5-94A1706F6319}.Release|Any CPU.Build.0 = Release|Any CPU
		{9EE91529-E68F-4BF7-8CC5-94A1706F6319}.Release|x64.ActiveCfg = Release|x64
		{9EE91529-E68F-4BF7-8CC5-94A1706F6319}.Release|x64.Build.0 = Release|x64
		{AE315225-D40C-407B-9CAE-0CA5E8008A47}.Debug|Any CPU.ActiveCfg = Debug|Any CPU
		{AE315225-D40C-407B-9CAE-0CA5E8008A47}.Debug|Any CPU.Build.0 = Debug|Any CPU
		{AE315225-D40C-407B-9CAE-0CA5E8008A47}.Debug|x64.ActiveCfg = Debug|x64
		{AE315225-D40C-407B-9CAE-0CA5E8008A47}.Debug|x64.Build.0 = Debug|x64
		{AE315225-D40C-407B-9CAE-0CA5E8008A47}.Release|Any CPU.ActiveCfg = Release|Any CPU
		{AE315225-D40C-407B-9CAE-0CA5E8008A47}.Release|Any CPU.Build.0 = Release|Any CPU
		{AE315225-D40C-407B-9CAE-0CA5E8008A47}.Release|x64.ActiveCfg = Release|x64
		{AE315225-D40C-407B-9CAE-0CA5E8008A47}.Release|x64.Build.0 = Release|x64
	EndGlobalSection
	GlobalSection(SolutionProperties) = preSolution
		HideSolutionNode = FALSE
	EndGlobalSection
	GlobalSection(NestedProjects) = preSolution
		{E7126341-835D-43B9-9C26-28346E842D4C} = {5FB6FF99-D88E-4DF1-81F2-D2E91BDF543A}
		{F8B68BE3-7790-4CA3-88E3-D621967441F7} = {5FB6FF99-D88E-4DF1-81F2-D2E91BDF543A}
		{2A63DA61-396F-4874-8550-F9D59B723629} = {5FB6FF99-D88E-4DF1-81F2-D2E91BDF543A}
		{787ADB5C-EF13-40E7-A4A3-5861BA59F9C1} = {C7015DBB-7546-4663-AD21-2D5006AEB841}
		{5C45C4D8-76FD-49CA-B6A0-D605114203F8} = {C7015DBB-7546-4663-AD21-2D5006AEB841}
		{9EE91529-E68F-4BF7-8CC5-94A1706F6319} = {C7015DBB-7546-4663-AD21-2D5006AEB841}
		{AE315225-D40C-407B-9CAE-0CA5E8008A47} = {5FB6FF99-D88E-4DF1-81F2-D2E91BDF543A}
	EndGlobalSection
EndGlobal
